
Microsoft Visual Studio Solution File, Format Version 12.00
# Visual Studio 2013
VisualStudioVersion = 12.0.31101.0
MinimumVisualStudioVersion = 10.0.40219.1
Project("{2150E333-8FDC-42A3-9474-1A3956D46DE8}") = "Apps", "Apps", "{8D092135-2858-4720-AB68-C3A39A45F91A}"
EndProject
Project("{2150E333-8FDC-42A3-9474-1A3956D46DE8}") = "Libraries", "Libraries", "{27E31842-6FF3-4FE1-9F8F-04E8DBF15883}"
EndProject
Project("{2150E333-8FDC-42A3-9474-1A3956D46DE8}") = "Common", "Common", "{D2566ADC-A4AB-473B-9F2F-E3727805332C}"
EndProject
Project("{2150E333-8FDC-42A3-9474-1A3956D46DE8}") = "Phone8", "Phone8", "{F4F925C0-40A4-4486-9226-0F4E3FE9F5EC}"
EndProject
Project("{2150E333-8FDC-42A3-9474-1A3956D46DE8}") = "Phone81", "Phone81", "{430CE181-7EBD-4424-AECA-A1C9D971EDDA}"
EndProject
Project("{2150E333-8FDC-42A3-9474-1A3956D46DE8}") = "Windows8", "Windows8", "{45CF9ECD-8288-46C8-A65A-00A9D41E27C0}"
EndProject
Project("{2150E333-8FDC-42A3-9474-1A3956D46DE8}") = "Windows81", "Windows81", "{0AA5DD18-1F5D-4632-AF98-8F9891BA7903}"
EndProject
Project("{2150E333-8FDC-42A3-9474-1A3956D46DE8}") = "Tvteka", "Tvteka", "{5E98A110-DF92-4593-BA46-D9CCB54075AC}"
EndProject
Project("{2150E333-8FDC-42A3-9474-1A3956D46DE8}") = "Api", "Api", "{BB8FB796-FAC6-4A73-BB3D-674331B1A70C}"
	ProjectSection(SolutionItems) = preProject
		Libraries\Common\Tvteka\Api\Authorization.cs = Libraries\Common\Tvteka\Api\Authorization.cs
		Libraries\Common\Tvteka\Api\Channel.cs = Libraries\Common\Tvteka\Api\Channel.cs
		Libraries\Common\Tvteka\Api\FilmsArchivePage.cs = Libraries\Common\Tvteka\Api\FilmsArchivePage.cs
		Libraries\Common\Tvteka\Api\Registration.cs = Libraries\Common\Tvteka\Api\Registration.cs
		Libraries\Common\Tvteka\Api\SeasonList.cs = Libraries\Common\Tvteka\Api\SeasonList.cs
		Libraries\Common\Tvteka\Api\Show.cs = Libraries\Common\Tvteka\Api\Show.cs
		Libraries\Common\Tvteka\Api\TvtekaApi.cs = Libraries\Common\Tvteka\Api\TvtekaApi.cs
	EndProjectSection
EndProject
Project("{2150E333-8FDC-42A3-9474-1A3956D46DE8}") = "Service", "Service", "{5870441E-6E88-4DEF-9A8A-E073E1728189}"
	ProjectSection(SolutionItems) = preProject
		Libraries\Common\Tvteka\Service\Authorization.cs = Libraries\Common\Tvteka\Service\Authorization.cs
		Libraries\Common\Tvteka\Service\Channel.cs = Libraries\Common\Tvteka\Service\Channel.cs
		Libraries\Common\Tvteka\Service\FilmsArchivePage.cs = Libraries\Common\Tvteka\Service\FilmsArchivePage.cs
		Libraries\Common\Tvteka\Service\JsonParser.cs = Libraries\Common\Tvteka\Service\JsonParser.cs
		Libraries\Common\Tvteka\Service\Registration.cs = Libraries\Common\Tvteka\Service\Registration.cs
		Libraries\Common\Tvteka\Service\SeasonList.cs = Libraries\Common\Tvteka\Service\SeasonList.cs
		Libraries\Common\Tvteka\Service\Show.cs = Libraries\Common\Tvteka\Service\Show.cs
		Libraries\Common\Tvteka\Service\TvtekaHttpClient.cs = Libraries\Common\Tvteka\Service\TvtekaHttpClient.cs
		Libraries\Common\Tvteka\Service\TvtekaService.cs = Libraries\Common\Tvteka\Service\TvtekaService.cs
	EndProjectSection
EndProject
Project("{2150E333-8FDC-42A3-9474-1A3956D46DE8}") = "Tvteka", "Tvteka", "{5B0FF0B9-4252-4124-9DA7-1C7EE011A358}"
EndProject
Project("{2150E333-8FDC-42A3-9474-1A3956D46DE8}") = "Tvteka", "Tvteka", "{AB292F5B-D753-40C4-AE70-91E3169BAC11}"
EndProject
Project("{2150E333-8FDC-42A3-9474-1A3956D46DE8}") = "Tvteka", "Tvteka", "{E53F6127-2360-492C-8497-CCA2A6A48E8B}"
EndProject
Project("{2150E333-8FDC-42A3-9474-1A3956D46DE8}") = "Tvteka", "Tvteka", "{D6D5A7B8-6EA2-4434-8120-36342B308468}"
EndProject
Project("{FAE04EC0-301F-11D3-BF4B-00C04F79EFBC}") = "Tvteka.Service", "Libraries\Windows8\Tvteka\Tvteka.Service\Tvteka.Service.csproj", "{C64F4C10-665F-405E-A7B0-421781E89459}"
EndProject
Project("{FAE04EC0-301F-11D3-BF4B-00C04F79EFBC}") = "Tvteka.Service", "Libraries\Windows81\Tvteka\Tvteka.Service\Tvteka.Service.csproj", "{6384E44E-3B9C-4E4B-814E-33F35F957D47}"
EndProject
Project("{FAE04EC0-301F-11D3-BF4B-00C04F79EFBC}") = "Tvteka.Service", "Libraries\Phone81\Tvteka\Tvteka.Service\Tvteka.Service.csproj", "{CE666959-E391-40EB-851E-A4DD4DA8A7BB}"
EndProject
Project("{FAE04EC0-301F-11D3-BF4B-00C04F79EFBC}") = "Tvteka.Api", "Libraries\Windows8\Tvteka\Tvteka.Api\Tvteka.Api.csproj", "{B766E910-9AE4-4C6B-AB1B-9DB8D72C06EC}"
EndProject
Project("{FAE04EC0-301F-11D3-BF4B-00C04F79EFBC}") = "Tvteka.Api", "Libraries\Windows81\Tvteka\Tvteka.Api\Tvteka.Api.csproj", "{5A693DCB-43D5-49E2-B115-D1E2DCD2864A}"
EndProject
Project("{FAE04EC0-301F-11D3-BF4B-00C04F79EFBC}") = "Tvteka.Api", "Libraries\Phone81\Tvteka\Tvteka.Api\Tvteka.Api.csproj", "{83CB1E3B-B19A-4EC5-9083-B19F714CFF9F}"
EndProject
Project("{FAE04EC0-301F-11D3-BF4B-00C04F79EFBC}") = "Tvteka.Service", "Libraries\Phone8\Tvteka\Tvteka.Service\Tvteka.Service.csproj", "{85E2327B-5B48-43F4-987C-8A75AB709634}"
EndProject
Project("{FAE04EC0-301F-11D3-BF4B-00C04F79EFBC}") = "Tvteka.WP81", "Apps\Tvteka.WP81\Tvteka.WP81.csproj", "{948B86E9-5D82-4D0A-91A3-89AE4D351EE3}"
EndProject
Project("{2150E333-8FDC-42A3-9474-1A3956D46DE8}") = "Hls", "Hls", "{1307BE6A-DE8E-4823-9498-E38ACDDA8423}"
EndProject
Project("{2150E333-8FDC-42A3-9474-1A3956D46DE8}") = "hls", "hls", "{3F93A414-98A7-4C11-AD52-AFF187B6545B}"
EndProject
Project("{2150E333-8FDC-42A3-9474-1A3956D46DE8}") = "mpeg2", "mpeg2", "{81079A3C-B8ED-4A30-B593-3FDB2A1BE345}"
EndProject
Project("{2150E333-8FDC-42A3-9474-1A3956D46DE8}") = "ts", "ts", "{604258F1-1068-45D2-BC33-BE7544843787}"
	ProjectSection(SolutionItems) = preProject
		Libraries\Common\Mpeg2\Ts\aac_adts_header.h = Libraries\Common\Mpeg2\Ts\aac_adts_header.h
		Libraries\Common\Mpeg2\Ts\audio_stream_params.cpp = Libraries\Common\Mpeg2\Ts\audio_stream_params.cpp
		Libraries\Common\Mpeg2\Ts\audio_stream_params.h = Libraries\Common\Mpeg2\Ts\audio_stream_params.h
		Libraries\Common\Mpeg2\Ts\debug_message.h = Libraries\Common\Mpeg2\Ts\debug_message.h
		Libraries\Common\Mpeg2\Ts\memory_buffer.cpp = Libraries\Common\Mpeg2\Ts\memory_buffer.cpp
		Libraries\Common\Mpeg2\Ts\memory_buffer.h = Libraries\Common\Mpeg2\Ts\memory_buffer.h
		Libraries\Common\Mpeg2\Ts\mpeg2_ts.h = Libraries\Common\Mpeg2\Ts\mpeg2_ts.h
		Libraries\Common\Mpeg2\Ts\pes_packet.cpp = Libraries\Common\Mpeg2\Ts\pes_packet.cpp
		Libraries\Common\Mpeg2\Ts\pes_packet.h = Libraries\Common\Mpeg2\Ts\pes_packet.h
		Libraries\Common\Mpeg2\Ts\pes_packet_stream.cpp = Libraries\Common\Mpeg2\Ts\pes_packet_stream.cpp
		Libraries\Common\Mpeg2\Ts\pes_packet_stream.h = Libraries\Common\Mpeg2\Ts\pes_packet_stream.h
		Libraries\Common\Mpeg2\Ts\pes_stream_types.cpp = Libraries\Common\Mpeg2\Ts\pes_stream_types.cpp
		Libraries\Common\Mpeg2\Ts\pes_stream_types.h = Libraries\Common\Mpeg2\Ts\pes_stream_types.h
		Libraries\Common\Mpeg2\Ts\ts_packet.h = Libraries\Common\Mpeg2\Ts\ts_packet.h
		Libraries\Common\Mpeg2\Ts\ts_pat_packet.cpp = Libraries\Common\Mpeg2\Ts\ts_pat_packet.cpp
		Libraries\Common\Mpeg2\Ts\ts_pat_packet.h = Libraries\Common\Mpeg2\Ts\ts_pat_packet.h
		Libraries\Common\Mpeg2\Ts\ts_pes_packet.cpp = Libraries\Common\Mpeg2\Ts\ts_pes_packet.cpp
		Libraries\Common\Mpeg2\Ts\ts_pes_packet.h = Libraries\Common\Mpeg2\Ts\ts_pes_packet.h
		Libraries\Common\Mpeg2\Ts\ts_pmt_packet.cpp = Libraries\Common\Mpeg2\Ts\ts_pmt_packet.cpp
		Libraries\Common\Mpeg2\Ts\ts_pmt_packet.h = Libraries\Common\Mpeg2\Ts\ts_pmt_packet.h
		Libraries\Common\Mpeg2\Ts\ts_reader.cpp = Libraries\Common\Mpeg2\Ts\ts_reader.cpp
		Libraries\Common\Mpeg2\Ts\ts_reader.h = Libraries\Common\Mpeg2\Ts\ts_reader.h
		Libraries\Common\Mpeg2\Ts\ts_splitter.cpp = Libraries\Common\Mpeg2\Ts\ts_splitter.cpp
		Libraries\Common\Mpeg2\Ts\ts_splitter.h = Libraries\Common\Mpeg2\Ts\ts_splitter.h
	EndProjectSection
EndProject
Project("{2150E333-8FDC-42A3-9474-1A3956D46DE8}") = "Mpeg2", "Mpeg2", "{628BFAA7-50DB-4333-98C4-F5B91E9FEDF2}"
EndProject
Project("{8BC9CEB8-8B4A-11D0-8D11-00A0C91BC942}") = "mpeg2.ts", "Libraries\Phone81\Mpeg2\Mpeg2.Ts\mpeg2.ts.vcxproj", "{49F0B4A8-630B-4F6C-A0F5-8999CB117E49}"
EndProject
Project("{2150E333-8FDC-42A3-9474-1A3956D46DE8}") = "Mpeg2", "Mpeg2", "{6BB0E624-CD78-422B-A946-86063A58B83C}"
EndProject
Project("{2150E333-8FDC-42A3-9474-1A3956D46DE8}") = "Hls", "Hls", "{06A2BC5E-F455-49AD-8657-A44E9CF33D03}"
EndProject
Project("{8BC9CEB8-8B4A-11D0-8D11-00A0C91BC942}") = "mpeg2.ts", "Libraries\Windows81\Mpeg2\mpeg2.ts\mpeg2.ts.vcxproj", "{C9DD9396-753F-40D5-9387-5D2C3710FA49}"
EndProject
Project("{8BC9CEB8-8B4A-11D0-8D11-00A0C91BC942}") = "hls.player", "Libraries\Phone81\Hls\hls.player\hls.player.vcxproj", "{47F69C46-9ADA-4BE4-88AA-1CF75E6B1561}"
EndProject
Project("{2150E333-8FDC-42A3-9474-1A3956D46DE8}") = "streamer", "streamer", "{8919E865-F261-4C08-9A8A-30231E421533}"
	ProjectSection(SolutionItems) = preProject
		Libraries\Common\hls\streamer\blocking_collection.h = Libraries\Common\hls\streamer\blocking_collection.h
		Libraries\Common\hls\streamer\debug_message.h = Libraries\Common\hls\streamer\debug_message.h
		Libraries\Common\hls\streamer\http_downloader.cpp = Libraries\Common\hls\streamer\http_downloader.cpp
		Libraries\Common\hls\streamer\http_downloader.h = Libraries\Common\hls\streamer\http_downloader.h
		Libraries\Common\hls\streamer\http_live_streamer.cpp = Libraries\Common\hls\streamer\http_live_streamer.cpp
		Libraries\Common\hls\streamer\http_live_streamer.h = Libraries\Common\hls\streamer\http_live_streamer.h
		Libraries\Common\hls\streamer\playlist.cpp = Libraries\Common\hls\streamer\playlist.cpp
		Libraries\Common\hls\streamer\playlist.h = Libraries\Common\hls\streamer\playlist.h
		Libraries\Common\hls\streamer\playlist_info.h = Libraries\Common\hls\streamer\playlist_info.h
		Libraries\Common\hls\streamer\segment_stream.cpp = Libraries\Common\hls\streamer\segment_stream.cpp
		Libraries\Common\hls\streamer\segment_stream.h = Libraries\Common\hls\streamer\segment_stream.h
		Libraries\Common\hls\streamer\start_segment_info.h = Libraries\Common\hls\streamer\start_segment_info.h
	EndProjectSection
EndProject
Project("{2150E333-8FDC-42A3-9474-1A3956D46DE8}") = "player", "player", "{5C9340CD-EDE2-4370-BEB4-CDBF97CB39CB}"
EndProject
Project("{2150E333-8FDC-42A3-9474-1A3956D46DE8}") = "wp81", "wp81", "{9354B803-D21D-4919-ACA3-A3CCB6219C2E}"
	ProjectSection(SolutionItems) = preProject
		Libraries\Common\hls\player\wp81\HttpLivePlayer.cpp = Libraries\Common\hls\player\wp81\HttpLivePlayer.cpp
		Libraries\Common\hls\player\wp81\HttpLivePlayer.h = Libraries\Common\hls\player\wp81\HttpLivePlayer.h
		Libraries\Common\hls\player\wp81\PlaylistInfo.h = Libraries\Common\hls\player\wp81\PlaylistInfo.h
	EndProjectSection
EndProject
Project("{8BC9CEB8-8B4A-11D0-8D11-00A0C91BC942}") = "hls.player", "Libraries\Windows81\Hls\hls.player\hls.player.vcxproj", "{121AB16F-6C58-4CFE-A42A-D90DB5D7E276}"
EndProject
Project("{FAE04EC0-301F-11D3-BF4B-00C04F79EFBC}") = "LiveTV.W81", "Apps\LiveTV.W81\LiveTV.W81.csproj", "{02A02CE9-C7B0-4629-94B2-75DF7BCE5A0B}"
EndProject
Project("{FAE04EC0-301F-11D3-BF4B-00C04F79EFBC}") = "LiveTV.WP81", "Apps\LiveTV.WP81\LiveTV.WP81.csproj", "{D08AC020-F739-48FC-B728-1725871E438B}"
EndProject
Project("{FAE04EC0-301F-11D3-BF4B-00C04F79EFBC}") = "LifeNews.WP81", "Apps\LifeNews.WP81\LifeNews.WP81.csproj", "{9FE0CD62-70C0-43B4-9132-B06EB2F2621D}"
EndProject
Global
	GlobalSection(TeamFoundationVersionControl) = preSolution
		SccNumberOfProjects = 16
		SccEnterpriseProvider = {4CA58AB2-18FA-4F8D-95D4-32DDF27D184C}
		SccTeamFoundationServer = https://conrad-ibox.visualstudio.com/defaultcollection
		SccLocalPath0 = .
		SccProjectUniqueName1 = Libraries\\Windows8\\Tvteka\\Tvteka.Service\\Tvteka.Service.csproj
		SccProjectTopLevelParentUniqueName1 = Tvteka.Windows.sln
		SccProjectName1 = Libraries/Windows8/Tvteka/Tvteka.Service
		SccLocalPath1 = Libraries\\Windows8\\Tvteka\\Tvteka.Service
		SccProjectUniqueName2 = Libraries\\Windows81\\Tvteka\\Tvteka.Service\\Tvteka.Service.csproj
		SccProjectTopLevelParentUniqueName2 = Tvteka.Windows.sln
		SccProjectName2 = Libraries/Windows81/Tvteka/Tvteka.Service
		SccLocalPath2 = Libraries\\Windows81\\Tvteka\\Tvteka.Service
		SccProjectUniqueName3 = Libraries\\Phone81\\Tvteka\\Tvteka.Service\\Tvteka.Service.csproj
		SccProjectTopLevelParentUniqueName3 = Tvteka.Windows.sln
		SccProjectName3 = Libraries/Phone81/Tvteka/Tvteka.Service
		SccLocalPath3 = Libraries\\Phone81\\Tvteka\\Tvteka.Service
		SccProjectUniqueName4 = Libraries\\Windows8\\Tvteka\\Tvteka.Api\\Tvteka.Api.csproj
		SccProjectTopLevelParentUniqueName4 = Tvteka.Windows.sln
		SccProjectName4 = Libraries/Windows8/Tvteka/Tvteka.Api
		SccLocalPath4 = Libraries\\Windows8\\Tvteka\\Tvteka.Api
		SccProjectUniqueName5 = Libraries\\Windows81\\Tvteka\\Tvteka.Api\\Tvteka.Api.csproj
		SccProjectTopLevelParentUniqueName5 = Tvteka.Windows.sln
		SccProjectName5 = Libraries/Windows81/Tvteka/Tvteka.Api
		SccLocalPath5 = Libraries\\Windows81\\Tvteka\\Tvteka.Api
		SccProjectUniqueName6 = Libraries\\Phone81\\Tvteka\\Tvteka.Api\\Tvteka.Api.csproj
		SccProjectTopLevelParentUniqueName6 = Tvteka.Windows.sln
		SccProjectName6 = Libraries/Phone81/Tvteka/Tvteka.Api
		SccLocalPath6 = Libraries\\Phone81\\Tvteka\\Tvteka.Api
		SccProjectUniqueName7 = Libraries\\Phone8\\Tvteka\\Tvteka.Service\\Tvteka.Service.csproj
		SccProjectTopLevelParentUniqueName7 = Tvteka.Windows.sln
		SccProjectName7 = Libraries/Phone8/Tvteka/Tvteka.Service
		SccLocalPath7 = Libraries\\Phone8\\Tvteka\\Tvteka.Service
		SccProjectUniqueName8 = Apps\\Tvteka.WP81\\Tvteka.WP81.csproj
		SccProjectTopLevelParentUniqueName8 = Tvteka.Windows.sln
		SccProjectName8 = Apps/Tvteka.WP81
		SccLocalPath8 = Apps\\Tvteka.WP81
		SccProjectUniqueName9 = Libraries\\Phone81\\Mpeg2\\Mpeg2.Ts\\mpeg2.ts.vcxproj
		SccProjectTopLevelParentUniqueName9 = Tvteka.Windows.sln
		SccProjectName9 = Libraries/Phone81/Mpeg2/mpeg2.ts
		SccLocalPath9 = Libraries\\Phone81\\Mpeg2\\mpeg2.ts
		SccProjectUniqueName10 = Libraries\\Windows81\\Mpeg2\\mpeg2.ts\\mpeg2.ts.vcxproj
		SccProjectTopLevelParentUniqueName10 = Tvteka.Windows.sln
		SccProjectName10 = Libraries/Windows81/Mpeg2/mpeg2.ts
		SccLocalPath10 = Libraries\\Windows81\\Mpeg2\\mpeg2.ts
		SccProjectUniqueName11 = Libraries\\Phone81\\Hls\\hls.player\\hls.player.vcxproj
		SccProjectTopLevelParentUniqueName11 = Tvteka.Windows.sln
		SccProjectName11 = Libraries/Phone81/Hls/hls.player
		SccLocalPath11 = Libraries\\Phone81\\Hls\\hls.player
		SccProjectUniqueName12 = Libraries\\Windows81\\Hls\\hls.player\\hls.player.vcxproj
		SccProjectTopLevelParentUniqueName12 = Tvteka.Windows.sln
		SccProjectName12 = Libraries/Windows81/Hls/hls.player
		SccLocalPath12 = Libraries\\Windows81\\Hls\\hls.player
		SccProjectUniqueName13 = Apps\\LiveTV.W81\\LiveTV.W81.csproj
		SccProjectTopLevelParentUniqueName13 = Tvteka.Windows.sln
		SccProjectName13 = Apps/LiveTV.W81
		SccLocalPath13 = Apps\\LiveTV.W81
		SccProjectUniqueName14 = Apps\\LiveTV.WP81\\LiveTV.WP81.csproj
		SccProjectTopLevelParentUniqueName14 = Tvteka.Windows.sln
		SccProjectName14 = Apps/LiveTV.WP81
		SccLocalPath14 = Apps\\LiveTV.WP81
		SccProjectUniqueName15 = Apps\\LifeNews.WP81\\LifeNews.WP81.csproj
		SccProjectTopLevelParentUniqueName15 = Tvteka.Windows.sln
		SccProjectName15 = Apps/LifeNews.WP81
		SccLocalPath15 = Apps\\LifeNews.WP81
	EndGlobalSection
	GlobalSection(SolutionConfigurationPlatforms) = preSolution
		Debug|Any CPU = Debug|Any CPU
		Debug|ARM = Debug|ARM
		Debug|Mixed Platforms = Debug|Mixed Platforms
		Debug|Win32 = Debug|Win32
		Debug|x64 = Debug|x64
		Debug|x86 = Debug|x86
		Release|Any CPU = Release|Any CPU
		Release|ARM = Release|ARM
		Release|Mixed Platforms = Release|Mixed Platforms
		Release|Win32 = Release|Win32
		Release|x64 = Release|x64
		Release|x86 = Release|x86
	EndGlobalSection
	GlobalSection(ProjectConfigurationPlatforms) = postSolution
		{C64F4C10-665F-405E-A7B0-421781E89459}.Debug|Any CPU.ActiveCfg = Debug|Any CPU
		{C64F4C10-665F-405E-A7B0-421781E89459}.Debug|Any CPU.Build.0 = Debug|Any CPU
		{C64F4C10-665F-405E-A7B0-421781E89459}.Debug|ARM.ActiveCfg = Debug|ARM
		{C64F4C10-665F-405E-A7B0-421781E89459}.Debug|ARM.Build.0 = Debug|ARM
		{C64F4C10-665F-405E-A7B0-421781E89459}.Debug|Mixed Platforms.ActiveCfg = Debug|x86
		{C64F4C10-665F-405E-A7B0-421781E89459}.Debug|Mixed Platforms.Build.0 = Debug|x86
		{C64F4C10-665F-405E-A7B0-421781E89459}.Debug|Win32.ActiveCfg = Debug|x86
		{C64F4C10-665F-405E-A7B0-421781E89459}.Debug|Win32.Build.0 = Debug|x86
		{C64F4C10-665F-405E-A7B0-421781E89459}.Debug|x64.ActiveCfg = Debug|x64
		{C64F4C10-665F-405E-A7B0-421781E89459}.Debug|x64.Build.0 = Debug|x64
		{C64F4C10-665F-405E-A7B0-421781E89459}.Debug|x86.ActiveCfg = Debug|x86
		{C64F4C10-665F-405E-A7B0-421781E89459}.Debug|x86.Build.0 = Debug|x86
		{C64F4C10-665F-405E-A7B0-421781E89459}.Release|Any CPU.ActiveCfg = Release|Any CPU
		{C64F4C10-665F-405E-A7B0-421781E89459}.Release|Any CPU.Build.0 = Release|Any CPU
		{C64F4C10-665F-405E-A7B0-421781E89459}.Release|ARM.ActiveCfg = Release|ARM
		{C64F4C10-665F-405E-A7B0-421781E89459}.Release|ARM.Build.0 = Release|ARM
		{C64F4C10-665F-405E-A7B0-421781E89459}.Release|Mixed Platforms.ActiveCfg = Release|x86
		{C64F4C10-665F-405E-A7B0-421781E89459}.Release|Mixed Platforms.Build.0 = Release|x86
		{C64F4C10-665F-405E-A7B0-421781E89459}.Release|Win32.ActiveCfg = Release|x86
		{C64F4C10-665F-405E-A7B0-421781E89459}.Release|Win32.Build.0 = Release|x86
		{C64F4C10-665F-405E-A7B0-421781E89459}.Release|x64.ActiveCfg = Release|x64
		{C64F4C10-665F-405E-A7B0-421781E89459}.Release|x64.Build.0 = Release|x64
		{C64F4C10-665F-405E-A7B0-421781E89459}.Release|x86.ActiveCfg = Release|x86
		{C64F4C10-665F-405E-A7B0-421781E89459}.Release|x86.Build.0 = Release|x86
		{6384E44E-3B9C-4E4B-814E-33F35F957D47}.Debug|Any CPU.ActiveCfg = Debug|Any CPU
		{6384E44E-3B9C-4E4B-814E-33F35F957D47}.Debug|Any CPU.Build.0 = Debug|Any CPU
		{6384E44E-3B9C-4E4B-814E-33F35F957D47}.Debug|ARM.ActiveCfg = Debug|ARM
		{6384E44E-3B9C-4E4B-814E-33F35F957D47}.Debug|ARM.Build.0 = Debug|ARM
		{6384E44E-3B9C-4E4B-814E-33F35F957D47}.Debug|Mixed Platforms.ActiveCfg = Debug|x86
		{6384E44E-3B9C-4E4B-814E-33F35F957D47}.Debug|Mixed Platforms.Build.0 = Debug|x86
		{6384E44E-3B9C-4E4B-814E-33F35F957D47}.Debug|Win32.ActiveCfg = Debug|x86
		{6384E44E-3B9C-4E4B-814E-33F35F957D47}.Debug|Win32.Build.0 = Debug|x86
		{6384E44E-3B9C-4E4B-814E-33F35F957D47}.Debug|x64.ActiveCfg = Debug|x64
		{6384E44E-3B9C-4E4B-814E-33F35F957D47}.Debug|x64.Build.0 = Debug|x64
		{6384E44E-3B9C-4E4B-814E-33F35F957D47}.Debug|x86.ActiveCfg = Debug|x86
		{6384E44E-3B9C-4E4B-814E-33F35F957D47}.Debug|x86.Build.0 = Debug|x86
		{6384E44E-3B9C-4E4B-814E-33F35F957D47}.Release|Any CPU.ActiveCfg = Release|Any CPU
		{6384E44E-3B9C-4E4B-814E-33F35F957D47}.Release|Any CPU.Build.0 = Release|Any CPU
		{6384E44E-3B9C-4E4B-814E-33F35F957D47}.Release|ARM.ActiveCfg = Release|ARM
		{6384E44E-3B9C-4E4B-814E-33F35F957D47}.Release|ARM.Build.0 = Release|ARM
		{6384E44E-3B9C-4E4B-814E-33F35F957D47}.Release|Mixed Platforms.ActiveCfg = Release|x86
		{6384E44E-3B9C-4E4B-814E-33F35F957D47}.Release|Mixed Platforms.Build.0 = Release|x86
		{6384E44E-3B9C-4E4B-814E-33F35F957D47}.Release|Win32.ActiveCfg = Release|x86
		{6384E44E-3B9C-4E4B-814E-33F35F957D47}.Release|Win32.Build.0 = Release|x86
		{6384E44E-3B9C-4E4B-814E-33F35F957D47}.Release|x64.ActiveCfg = Release|x64
		{6384E44E-3B9C-4E4B-814E-33F35F957D47}.Release|x64.Build.0 = Release|x64
		{6384E44E-3B9C-4E4B-814E-33F35F957D47}.Release|x86.ActiveCfg = Release|x86
		{6384E44E-3B9C-4E4B-814E-33F35F957D47}.Release|x86.Build.0 = Release|x86
		{CE666959-E391-40EB-851E-A4DD4DA8A7BB}.Debug|Any CPU.ActiveCfg = Debug|Any CPU
		{CE666959-E391-40EB-851E-A4DD4DA8A7BB}.Debug|Any CPU.Build.0 = Debug|Any CPU
		{CE666959-E391-40EB-851E-A4DD4DA8A7BB}.Debug|ARM.ActiveCfg = Debug|ARM
		{CE666959-E391-40EB-851E-A4DD4DA8A7BB}.Debug|ARM.Build.0 = Debug|ARM
		{CE666959-E391-40EB-851E-A4DD4DA8A7BB}.Debug|Mixed Platforms.ActiveCfg = Debug|x86
		{CE666959-E391-40EB-851E-A4DD4DA8A7BB}.Debug|Mixed Platforms.Build.0 = Debug|x86
		{CE666959-E391-40EB-851E-A4DD4DA8A7BB}.Debug|Win32.ActiveCfg = Debug|x86
		{CE666959-E391-40EB-851E-A4DD4DA8A7BB}.Debug|Win32.Build.0 = Debug|x86
		{CE666959-E391-40EB-851E-A4DD4DA8A7BB}.Debug|x64.ActiveCfg = Debug|Any CPU
		{CE666959-E391-40EB-851E-A4DD4DA8A7BB}.Debug|x86.ActiveCfg = Debug|x86
		{CE666959-E391-40EB-851E-A4DD4DA8A7BB}.Debug|x86.Build.0 = Debug|x86
		{CE666959-E391-40EB-851E-A4DD4DA8A7BB}.Release|Any CPU.ActiveCfg = Release|Any CPU
		{CE666959-E391-40EB-851E-A4DD4DA8A7BB}.Release|Any CPU.Build.0 = Release|Any CPU
		{CE666959-E391-40EB-851E-A4DD4DA8A7BB}.Release|ARM.ActiveCfg = Release|ARM
		{CE666959-E391-40EB-851E-A4DD4DA8A7BB}.Release|ARM.Build.0 = Release|ARM
		{CE666959-E391-40EB-851E-A4DD4DA8A7BB}.Release|Mixed Platforms.ActiveCfg = Release|x86
		{CE666959-E391-40EB-851E-A4DD4DA8A7BB}.Release|Mixed Platforms.Build.0 = Release|x86
		{CE666959-E391-40EB-851E-A4DD4DA8A7BB}.Release|Win32.ActiveCfg = Release|x86
		{CE666959-E391-40EB-851E-A4DD4DA8A7BB}.Release|Win32.Build.0 = Release|x86
		{CE666959-E391-40EB-851E-A4DD4DA8A7BB}.Release|x64.ActiveCfg = Release|Any CPU
		{CE666959-E391-40EB-851E-A4DD4DA8A7BB}.Release|x86.ActiveCfg = Release|x86
		{CE666959-E391-40EB-851E-A4DD4DA8A7BB}.Release|x86.Build.0 = Release|x86
		{B766E910-9AE4-4C6B-AB1B-9DB8D72C06EC}.Debug|Any CPU.ActiveCfg = Debug|Any CPU
		{B766E910-9AE4-4C6B-AB1B-9DB8D72C06EC}.Debug|Any CPU.Build.0 = Debug|Any CPU
		{B766E910-9AE4-4C6B-AB1B-9DB8D72C06EC}.Debug|ARM.ActiveCfg = Debug|ARM
		{B766E910-9AE4-4C6B-AB1B-9DB8D72C06EC}.Debug|ARM.Build.0 = Debug|ARM
		{B766E910-9AE4-4C6B-AB1B-9DB8D72C06EC}.Debug|Mixed Platforms.ActiveCfg = Debug|x86
		{B766E910-9AE4-4C6B-AB1B-9DB8D72C06EC}.Debug|Mixed Platforms.Build.0 = Debug|x86
		{B766E910-9AE4-4C6B-AB1B-9DB8D72C06EC}.Debug|Win32.ActiveCfg = Debug|x86
		{B766E910-9AE4-4C6B-AB1B-9DB8D72C06EC}.Debug|Win32.Build.0 = Debug|x86
		{B766E910-9AE4-4C6B-AB1B-9DB8D72C06EC}.Debug|x64.ActiveCfg = Debug|x64
		{B766E910-9AE4-4C6B-AB1B-9DB8D72C06EC}.Debug|x64.Build.0 = Debug|x64
		{B766E910-9AE4-4C6B-AB1B-9DB8D72C06EC}.Debug|x86.ActiveCfg = Debug|x86
		{B766E910-9AE4-4C6B-AB1B-9DB8D72C06EC}.Debug|x86.Build.0 = Debug|x86
		{B766E910-9AE4-4C6B-AB1B-9DB8D72C06EC}.Release|Any CPU.ActiveCfg = Release|Any CPU
		{B766E910-9AE4-4C6B-AB1B-9DB8D72C06EC}.Release|Any CPU.Build.0 = Release|Any CPU
		{B766E910-9AE4-4C6B-AB1B-9DB8D72C06EC}.Release|ARM.ActiveCfg = Release|ARM
		{B766E910-9AE4-4C6B-AB1B-9DB8D72C06EC}.Release|ARM.Build.0 = Release|ARM
		{B766E910-9AE4-4C6B-AB1B-9DB8D72C06EC}.Release|Mixed Platforms.ActiveCfg = Release|x86
		{B766E910-9AE4-4C6B-AB1B-9DB8D72C06EC}.Release|Mixed Platforms.Build.0 = Release|x86
		{B766E910-9AE4-4C6B-AB1B-9DB8D72C06EC}.Release|Win32.ActiveCfg = Release|x86
		{B766E910-9AE4-4C6B-AB1B-9DB8D72C06EC}.Release|Win32.Build.0 = Release|x86
		{B766E910-9AE4-4C6B-AB1B-9DB8D72C06EC}.Release|x64.ActiveCfg = Release|x64
		{B766E910-9AE4-4C6B-AB1B-9DB8D72C06EC}.Release|x64.Build.0 = Release|x64
		{B766E910-9AE4-4C6B-AB1B-9DB8D72C06EC}.Release|x86.ActiveCfg = Release|x86
		{B766E910-9AE4-4C6B-AB1B-9DB8D72C06EC}.Release|x86.Build.0 = Release|x86
		{5A693DCB-43D5-49E2-B115-D1E2DCD2864A}.Debug|Any CPU.ActiveCfg = Debug|Any CPU
		{5A693DCB-43D5-49E2-B115-D1E2DCD2864A}.Debug|Any CPU.Build.0 = Debug|Any CPU
		{5A693DCB-43D5-49E2-B115-D1E2DCD2864A}.Debug|ARM.ActiveCfg = Debug|ARM
		{5A693DCB-43D5-49E2-B115-D1E2DCD2864A}.Debug|ARM.Build.0 = Debug|ARM
		{5A693DCB-43D5-49E2-B115-D1E2DCD2864A}.Debug|Mixed Platforms.ActiveCfg = Debug|x86
		{5A693DCB-43D5-49E2-B115-D1E2DCD2864A}.Debug|Mixed Platforms.Build.0 = Debug|x86
		{5A693DCB-43D5-49E2-B115-D1E2DCD2864A}.Debug|Win32.ActiveCfg = Debug|x86
		{5A693DCB-43D5-49E2-B115-D1E2DCD2864A}.Debug|Win32.Build.0 = Debug|x86
		{5A693DCB-43D5-49E2-B115-D1E2DCD2864A}.Debug|x64.ActiveCfg = Debug|x64
		{5A693DCB-43D5-49E2-B115-D1E2DCD2864A}.Debug|x64.Build.0 = Debug|x64
		{5A693DCB-43D5-49E2-B115-D1E2DCD2864A}.Debug|x86.ActiveCfg = Debug|x86
		{5A693DCB-43D5-49E2-B115-D1E2DCD2864A}.Debug|x86.Build.0 = Debug|x86
		{5A693DCB-43D5-49E2-B115-D1E2DCD2864A}.Release|Any CPU.ActiveCfg = Release|Any CPU
		{5A693DCB-43D5-49E2-B115-D1E2DCD2864A}.Release|Any CPU.Build.0 = Release|Any CPU
		{5A693DCB-43D5-49E2-B115-D1E2DCD2864A}.Release|ARM.ActiveCfg = Release|ARM
		{5A693DCB-43D5-49E2-B115-D1E2DCD2864A}.Release|ARM.Build.0 = Release|ARM
		{5A693DCB-43D5-49E2-B115-D1E2DCD2864A}.Release|Mixed Platforms.ActiveCfg = Release|x86
		{5A693DCB-43D5-49E2-B115-D1E2DCD2864A}.Release|Mixed Platforms.Build.0 = Release|x86
		{5A693DCB-43D5-49E2-B115-D1E2DCD2864A}.Release|Win32.ActiveCfg = Release|x86
		{5A693DCB-43D5-49E2-B115-D1E2DCD2864A}.Release|Win32.Build.0 = Release|x86
		{5A693DCB-43D5-49E2-B115-D1E2DCD2864A}.Release|x64.ActiveCfg = Release|x64
		{5A693DCB-43D5-49E2-B115-D1E2DCD2864A}.Release|x64.Build.0 = Release|x64
		{5A693DCB-43D5-49E2-B115-D1E2DCD2864A}.Release|x86.ActiveCfg = Release|x86
		{5A693DCB-43D5-49E2-B115-D1E2DCD2864A}.Release|x86.Build.0 = Release|x86
		{83CB1E3B-B19A-4EC5-9083-B19F714CFF9F}.Debug|Any CPU.ActiveCfg = Debug|Any CPU
		{83CB1E3B-B19A-4EC5-9083-B19F714CFF9F}.Debug|Any CPU.Build.0 = Debug|Any CPU
		{83CB1E3B-B19A-4EC5-9083-B19F714CFF9F}.Debug|ARM.ActiveCfg = Debug|ARM
		{83CB1E3B-B19A-4EC5-9083-B19F714CFF9F}.Debug|ARM.Build.0 = Debug|ARM
		{83CB1E3B-B19A-4EC5-9083-B19F714CFF9F}.Debug|Mixed Platforms.ActiveCfg = Debug|x86
		{83CB1E3B-B19A-4EC5-9083-B19F714CFF9F}.Debug|Mixed Platforms.Build.0 = Debug|x86
		{83CB1E3B-B19A-4EC5-9083-B19F714CFF9F}.Debug|Win32.ActiveCfg = Debug|x86
		{83CB1E3B-B19A-4EC5-9083-B19F714CFF9F}.Debug|Win32.Build.0 = Debug|x86
		{83CB1E3B-B19A-4EC5-9083-B19F714CFF9F}.Debug|x64.ActiveCfg = Debug|Any CPU
		{83CB1E3B-B19A-4EC5-9083-B19F714CFF9F}.Debug|x86.ActiveCfg = Debug|x86
		{83CB1E3B-B19A-4EC5-9083-B19F714CFF9F}.Debug|x86.Build.0 = Debug|x86
		{83CB1E3B-B19A-4EC5-9083-B19F714CFF9F}.Release|Any CPU.ActiveCfg = Release|Any CPU
		{83CB1E3B-B19A-4EC5-9083-B19F714CFF9F}.Release|Any CPU.Build.0 = Release|Any CPU
		{83CB1E3B-B19A-4EC5-9083-B19F714CFF9F}.Release|ARM.ActiveCfg = Release|ARM
		{83CB1E3B-B19A-4EC5-9083-B19F714CFF9F}.Release|ARM.Build.0 = Release|ARM
		{83CB1E3B-B19A-4EC5-9083-B19F714CFF9F}.Release|Mixed Platforms.ActiveCfg = Release|x86
		{83CB1E3B-B19A-4EC5-9083-B19F714CFF9F}.Release|Mixed Platforms.Build.0 = Release|x86
		{83CB1E3B-B19A-4EC5-9083-B19F714CFF9F}.Release|Win32.ActiveCfg = Release|x86
		{83CB1E3B-B19A-4EC5-9083-B19F714CFF9F}.Release|Win32.Build.0 = Release|x86
		{83CB1E3B-B19A-4EC5-9083-B19F714CFF9F}.Release|x64.ActiveCfg = Release|Any CPU
		{83CB1E3B-B19A-4EC5-9083-B19F714CFF9F}.Release|x86.ActiveCfg = Release|x86
		{83CB1E3B-B19A-4EC5-9083-B19F714CFF9F}.Release|x86.Build.0 = Release|x86
		{85E2327B-5B48-43F4-987C-8A75AB709634}.Debug|Any CPU.ActiveCfg = Debug|Any CPU
		{85E2327B-5B48-43F4-987C-8A75AB709634}.Debug|Any CPU.Build.0 = Debug|Any CPU
		{85E2327B-5B48-43F4-987C-8A75AB709634}.Debug|ARM.ActiveCfg = Debug|ARM
		{85E2327B-5B48-43F4-987C-8A75AB709634}.Debug|ARM.Build.0 = Debug|ARM
		{85E2327B-5B48-43F4-987C-8A75AB709634}.Debug|Mixed Platforms.ActiveCfg = Debug|x86
		{85E2327B-5B48-43F4-987C-8A75AB709634}.Debug|Mixed Platforms.Build.0 = Debug|x86
		{85E2327B-5B48-43F4-987C-8A75AB709634}.Debug|Win32.ActiveCfg = Debug|x86
		{85E2327B-5B48-43F4-987C-8A75AB709634}.Debug|Win32.Build.0 = Debug|x86
		{85E2327B-5B48-43F4-987C-8A75AB709634}.Debug|x64.ActiveCfg = Debug|Any CPU
		{85E2327B-5B48-43F4-987C-8A75AB709634}.Debug|x86.ActiveCfg = Debug|x86
		{85E2327B-5B48-43F4-987C-8A75AB709634}.Debug|x86.Build.0 = Debug|x86
		{85E2327B-5B48-43F4-987C-8A75AB709634}.Release|Any CPU.ActiveCfg = Release|Any CPU
		{85E2327B-5B48-43F4-987C-8A75AB709634}.Release|Any CPU.Build.0 = Release|Any CPU
		{85E2327B-5B48-43F4-987C-8A75AB709634}.Release|ARM.ActiveCfg = Release|ARM
		{85E2327B-5B48-43F4-987C-8A75AB709634}.Release|ARM.Build.0 = Release|ARM
		{85E2327B-5B48-43F4-987C-8A75AB709634}.Release|Mixed Platforms.ActiveCfg = Release|x86
		{85E2327B-5B48-43F4-987C-8A75AB709634}.Release|Mixed Platforms.Build.0 = Release|x86
		{85E2327B-5B48-43F4-987C-8A75AB709634}.Release|Win32.ActiveCfg = Release|x86
		{85E2327B-5B48-43F4-987C-8A75AB709634}.Release|Win32.Build.0 = Release|x86
		{85E2327B-5B48-43F4-987C-8A75AB709634}.Release|x64.ActiveCfg = Release|Any CPU
		{85E2327B-5B48-43F4-987C-8A75AB709634}.Release|x86.ActiveCfg = Release|x86
		{85E2327B-5B48-43F4-987C-8A75AB709634}.Release|x86.Build.0 = Release|x86
		{948B86E9-5D82-4D0A-91A3-89AE4D351EE3}.Debug|Any CPU.ActiveCfg = Debug|Any CPU
		{948B86E9-5D82-4D0A-91A3-89AE4D351EE3}.Debug|Any CPU.Build.0 = Debug|Any CPU
		{948B86E9-5D82-4D0A-91A3-89AE4D351EE3}.Debug|Any CPU.Deploy.0 = Debug|Any CPU
		{948B86E9-5D82-4D0A-91A3-89AE4D351EE3}.Debug|ARM.ActiveCfg = Debug|ARM
		{948B86E9-5D82-4D0A-91A3-89AE4D351EE3}.Debug|ARM.Build.0 = Debug|ARM
		{948B86E9-5D82-4D0A-91A3-89AE4D351EE3}.Debug|ARM.Deploy.0 = Debug|ARM
		{948B86E9-5D82-4D0A-91A3-89AE4D351EE3}.Debug|Mixed Platforms.ActiveCfg = Debug|x86
		{948B86E9-5D82-4D0A-91A3-89AE4D351EE3}.Debug|Mixed Platforms.Build.0 = Debug|x86
		{948B86E9-5D82-4D0A-91A3-89AE4D351EE3}.Debug|Mixed Platforms.Deploy.0 = Debug|x86
		{948B86E9-5D82-4D0A-91A3-89AE4D351EE3}.Debug|Win32.ActiveCfg = Debug|x86
		{948B86E9-5D82-4D0A-91A3-89AE4D351EE3}.Debug|Win32.Build.0 = Debug|x86
		{948B86E9-5D82-4D0A-91A3-89AE4D351EE3}.Debug|Win32.Deploy.0 = Debug|x86
		{948B86E9-5D82-4D0A-91A3-89AE4D351EE3}.Debug|x64.ActiveCfg = Debug|Any CPU
		{948B86E9-5D82-4D0A-91A3-89AE4D351EE3}.Debug|x86.ActiveCfg = Debug|x86
		{948B86E9-5D82-4D0A-91A3-89AE4D351EE3}.Debug|x86.Build.0 = Debug|x86
		{948B86E9-5D82-4D0A-91A3-89AE4D351EE3}.Debug|x86.Deploy.0 = Debug|x86
		{948B86E9-5D82-4D0A-91A3-89AE4D351EE3}.Release|Any CPU.ActiveCfg = Release|Any CPU
		{948B86E9-5D82-4D0A-91A3-89AE4D351EE3}.Release|Any CPU.Build.0 = Release|Any CPU
		{948B86E9-5D82-4D0A-91A3-89AE4D351EE3}.Release|Any CPU.Deploy.0 = Release|Any CPU
		{948B86E9-5D82-4D0A-91A3-89AE4D351EE3}.Release|ARM.ActiveCfg = Release|ARM
		{948B86E9-5D82-4D0A-91A3-89AE4D351EE3}.Release|ARM.Build.0 = Release|ARM
		{948B86E9-5D82-4D0A-91A3-89AE4D351EE3}.Release|ARM.Deploy.0 = Release|ARM
		{948B86E9-5D82-4D0A-91A3-89AE4D351EE3}.Release|Mixed Platforms.ActiveCfg = Release|x86
		{948B86E9-5D82-4D0A-91A3-89AE4D351EE3}.Release|Mixed Platforms.Build.0 = Release|x86
		{948B86E9-5D82-4D0A-91A3-89AE4D351EE3}.Release|Mixed Platforms.Deploy.0 = Release|x86
		{948B86E9-5D82-4D0A-91A3-89AE4D351EE3}.Release|Win32.ActiveCfg = Release|x86
		{948B86E9-5D82-4D0A-91A3-89AE4D351EE3}.Release|Win32.Build.0 = Release|x86
		{948B86E9-5D82-4D0A-91A3-89AE4D351EE3}.Release|Win32.Deploy.0 = Release|x86
		{948B86E9-5D82-4D0A-91A3-89AE4D351EE3}.Release|x64.ActiveCfg = Release|Any CPU
		{948B86E9-5D82-4D0A-91A3-89AE4D351EE3}.Release|x86.ActiveCfg = Release|x86
		{948B86E9-5D82-4D0A-91A3-89AE4D351EE3}.Release|x86.Build.0 = Release|x86
		{948B86E9-5D82-4D0A-91A3-89AE4D351EE3}.Release|x86.Deploy.0 = Release|x86
		{49F0B4A8-630B-4F6C-A0F5-8999CB117E49}.Debug|Any CPU.ActiveCfg = Debug|Win32
		{49F0B4A8-630B-4F6C-A0F5-8999CB117E49}.Debug|ARM.ActiveCfg = Debug|ARM
		{49F0B4A8-630B-4F6C-A0F5-8999CB117E49}.Debug|ARM.Build.0 = Debug|ARM
		{49F0B4A8-630B-4F6C-A0F5-8999CB117E49}.Debug|Mixed Platforms.ActiveCfg = Debug|Win32
		{49F0B4A8-630B-4F6C-A0F5-8999CB117E49}.Debug|Mixed Platforms.Build.0 = Debug|Win32
		{49F0B4A8-630B-4F6C-A0F5-8999CB117E49}.Debug|Win32.ActiveCfg = Debug|Win32
		{49F0B4A8-630B-4F6C-A0F5-8999CB117E49}.Debug|Win32.Build.0 = Debug|Win32
		{49F0B4A8-630B-4F6C-A0F5-8999CB117E49}.Debug|x64.ActiveCfg = Debug|Win32
		{49F0B4A8-630B-4F6C-A0F5-8999CB117E49}.Debug|x86.ActiveCfg = Debug|Win32
		{49F0B4A8-630B-4F6C-A0F5-8999CB117E49}.Debug|x86.Build.0 = Debug|Win32
		{49F0B4A8-630B-4F6C-A0F5-8999CB117E49}.Release|Any CPU.ActiveCfg = Release|Win32
		{49F0B4A8-630B-4F6C-A0F5-8999CB117E49}.Release|ARM.ActiveCfg = Release|ARM
		{49F0B4A8-630B-4F6C-A0F5-8999CB117E49}.Release|ARM.Build.0 = Release|ARM
		{49F0B4A8-630B-4F6C-A0F5-8999CB117E49}.Release|Mixed Platforms.ActiveCfg = Release|Win32
		{49F0B4A8-630B-4F6C-A0F5-8999CB117E49}.Release|Mixed Platforms.Build.0 = Release|Win32
		{49F0B4A8-630B-4F6C-A0F5-8999CB117E49}.Release|Win32.ActiveCfg = Release|Win32
		{49F0B4A8-630B-4F6C-A0F5-8999CB117E49}.Release|Win32.Build.0 = Release|Win32
		{49F0B4A8-630B-4F6C-A0F5-8999CB117E49}.Release|x64.ActiveCfg = Release|Win32
		{49F0B4A8-630B-4F6C-A0F5-8999CB117E49}.Release|x86.ActiveCfg = Release|Win32
		{49F0B4A8-630B-4F6C-A0F5-8999CB117E49}.Release|x86.Build.0 = Release|Win32
		{C9DD9396-753F-40D5-9387-5D2C3710FA49}.Debug|Any CPU.ActiveCfg = Debug|Win32
		{C9DD9396-753F-40D5-9387-5D2C3710FA49}.Debug|ARM.ActiveCfg = Debug|ARM
		{C9DD9396-753F-40D5-9387-5D2C3710FA49}.Debug|ARM.Build.0 = Debug|ARM
		{C9DD9396-753F-40D5-9387-5D2C3710FA49}.Debug|Mixed Platforms.ActiveCfg = Debug|Win32
		{C9DD9396-753F-40D5-9387-5D2C3710FA49}.Debug|Mixed Platforms.Build.0 = Debug|Win32
		{C9DD9396-753F-40D5-9387-5D2C3710FA49}.Debug|Win32.ActiveCfg = Debug|Win32
		{C9DD9396-753F-40D5-9387-5D2C3710FA49}.Debug|Win32.Build.0 = Debug|Win32
		{C9DD9396-753F-40D5-9387-5D2C3710FA49}.Debug|x64.ActiveCfg = Debug|x64
		{C9DD9396-753F-40D5-9387-5D2C3710FA49}.Debug|x64.Build.0 = Debug|x64
		{C9DD9396-753F-40D5-9387-5D2C3710FA49}.Debug|x86.ActiveCfg = Debug|Win32
		{C9DD9396-753F-40D5-9387-5D2C3710FA49}.Debug|x86.Build.0 = Debug|Win32
		{C9DD9396-753F-40D5-9387-5D2C3710FA49}.Release|Any CPU.ActiveCfg = Release|Win32
		{C9DD9396-753F-40D5-9387-5D2C3710FA49}.Release|ARM.ActiveCfg = Release|ARM
		{C9DD9396-753F-40D5-9387-5D2C3710FA49}.Release|ARM.Build.0 = Release|ARM
		{C9DD9396-753F-40D5-9387-5D2C3710FA49}.Release|Mixed Platforms.ActiveCfg = Release|Win32
		{C9DD9396-753F-40D5-9387-5D2C3710FA49}.Release|Mixed Platforms.Build.0 = Release|Win32
		{C9DD9396-753F-40D5-9387-5D2C3710FA49}.Release|Win32.ActiveCfg = Release|Win32
		{C9DD9396-753F-40D5-9387-5D2C3710FA49}.Release|Win32.Build.0 = Release|Win32
		{C9DD9396-753F-40D5-9387-5D2C3710FA49}.Release|x64.ActiveCfg = Release|x64
		{C9DD9396-753F-40D5-9387-5D2C3710FA49}.Release|x64.Build.0 = Release|x64
		{C9DD9396-753F-40D5-9387-5D2C3710FA49}.Release|x86.ActiveCfg = Release|Win32
		{C9DD9396-753F-40D5-9387-5D2C3710FA49}.Release|x86.Build.0 = Release|Win32
		{47F69C46-9ADA-4BE4-88AA-1CF75E6B1561}.Debug|Any CPU.ActiveCfg = Debug|Win32
		{47F69C46-9ADA-4BE4-88AA-1CF75E6B1561}.Debug|ARM.ActiveCfg = Debug|ARM
		{47F69C46-9ADA-4BE4-88AA-1CF75E6B1561}.Debug|ARM.Build.0 = Debug|ARM
		{47F69C46-9ADA-4BE4-88AA-1CF75E6B1561}.Debug|Mixed Platforms.ActiveCfg = Debug|Win32
		{47F69C46-9ADA-4BE4-88AA-1CF75E6B1561}.Debug|Mixed Platforms.Build.0 = Debug|Win32
		{47F69C46-9ADA-4BE4-88AA-1CF75E6B1561}.Debug|Win32.ActiveCfg = Debug|Win32
		{47F69C46-9ADA-4BE4-88AA-1CF75E6B1561}.Debug|Win32.Build.0 = Debug|Win32
		{47F69C46-9ADA-4BE4-88AA-1CF75E6B1561}.Debug|x64.ActiveCfg = Debug|Win32
		{47F69C46-9ADA-4BE4-88AA-1CF75E6B1561}.Debug|x86.ActiveCfg = Debug|Win32
		{47F69C46-9ADA-4BE4-88AA-1CF75E6B1561}.Debug|x86.Build.0 = Debug|Win32
		{47F69C46-9ADA-4BE4-88AA-1CF75E6B1561}.Release|Any CPU.ActiveCfg = Release|Win32
		{47F69C46-9ADA-4BE4-88AA-1CF75E6B1561}.Release|ARM.ActiveCfg = Release|ARM
		{47F69C46-9ADA-4BE4-88AA-1CF75E6B1561}.Release|ARM.Build.0 = Release|ARM
		{47F69C46-9ADA-4BE4-88AA-1CF75E6B1561}.Release|Mixed Platforms.ActiveCfg = Release|Win32
		{47F69C46-9ADA-4BE4-88AA-1CF75E6B1561}.Release|Mixed Platforms.Build.0 = Release|Win32
		{47F69C46-9ADA-4BE4-88AA-1CF75E6B1561}.Release|Win32.ActiveCfg = Release|Win32
		{47F69C46-9ADA-4BE4-88AA-1CF75E6B1561}.Release|Win32.Build.0 = Release|Win32
		{47F69C46-9ADA-4BE4-88AA-1CF75E6B1561}.Release|x64.ActiveCfg = Release|Win32
		{47F69C46-9ADA-4BE4-88AA-1CF75E6B1561}.Release|x86.ActiveCfg = Release|Win32
		{47F69C46-9ADA-4BE4-88AA-1CF75E6B1561}.Release|x86.Build.0 = Release|Win32
		{121AB16F-6C58-4CFE-A42A-D90DB5D7E276}.Debug|Any CPU.ActiveCfg = Debug|Win32
		{121AB16F-6C58-4CFE-A42A-D90DB5D7E276}.Debug|ARM.ActiveCfg = Debug|ARM
		{121AB16F-6C58-4CFE-A42A-D90DB5D7E276}.Debug|ARM.Build.0 = Debug|ARM
		{121AB16F-6C58-4CFE-A42A-D90DB5D7E276}.Debug|Mixed Platforms.ActiveCfg = Debug|Win32
		{121AB16F-6C58-4CFE-A42A-D90DB5D7E276}.Debug|Mixed Platforms.Build.0 = Debug|Win32
		{121AB16F-6C58-4CFE-A42A-D90DB5D7E276}.Debug|Win32.ActiveCfg = Debug|Win32
		{121AB16F-6C58-4CFE-A42A-D90DB5D7E276}.Debug|Win32.Build.0 = Debug|Win32
		{121AB16F-6C58-4CFE-A42A-D90DB5D7E276}.Debug|x64.ActiveCfg = Debug|x64
		{121AB16F-6C58-4CFE-A42A-D90DB5D7E276}.Debug|x64.Build.0 = Debug|x64
		{121AB16F-6C58-4CFE-A42A-D90DB5D7E276}.Debug|x86.ActiveCfg = Debug|Win32
		{121AB16F-6C58-4CFE-A42A-D90DB5D7E276}.Debug|x86.Build.0 = Debug|Win32
		{121AB16F-6C58-4CFE-A42A-D90DB5D7E276}.Release|Any CPU.ActiveCfg = Release|Win32
		{121AB16F-6C58-4CFE-A42A-D90DB5D7E276}.Release|ARM.ActiveCfg = Release|ARM
		{121AB16F-6C58-4CFE-A42A-D90DB5D7E276}.Release|ARM.Build.0 = Release|ARM
		{121AB16F-6C58-4CFE-A42A-D90DB5D7E276}.Release|Mixed Platforms.ActiveCfg = Release|Win32
		{121AB16F-6C58-4CFE-A42A-D90DB5D7E276}.Release|Mixed Platforms.Build.0 = Release|Win32
		{121AB16F-6C58-4CFE-A42A-D90DB5D7E276}.Release|Win32.ActiveCfg = Release|Win32
		{121AB16F-6C58-4CFE-A42A-D90DB5D7E276}.Release|Win32.Build.0 = Release|Win32
		{121AB16F-6C58-4CFE-A42A-D90DB5D7E276}.Release|x64.ActiveCfg = Release|x64
		{121AB16F-6C58-4CFE-A42A-D90DB5D7E276}.Release|x64.Build.0 = Release|x64
		{121AB16F-6C58-4CFE-A42A-D90DB5D7E276}.Release|x86.ActiveCfg = Release|Win32
		{121AB16F-6C58-4CFE-A42A-D90DB5D7E276}.Release|x86.Build.0 = Release|Win32
		{02A02CE9-C7B0-4629-94B2-75DF7BCE5A0B}.Debug|Any CPU.ActiveCfg = Debug|Any CPU
		{02A02CE9-C7B0-4629-94B2-75DF7BCE5A0B}.Debug|Any CPU.Build.0 = Debug|Any CPU
		{02A02CE9-C7B0-4629-94B2-75DF7BCE5A0B}.Debug|Any CPU.Deploy.0 = Debug|Any CPU
		{02A02CE9-C7B0-4629-94B2-75DF7BCE5A0B}.Debug|ARM.ActiveCfg = Debug|ARM
		{02A02CE9-C7B0-4629-94B2-75DF7BCE5A0B}.Debug|ARM.Build.0 = Debug|ARM
		{02A02CE9-C7B0-4629-94B2-75DF7BCE5A0B}.Debug|ARM.Deploy.0 = Debug|ARM
		{02A02CE9-C7B0-4629-94B2-75DF7BCE5A0B}.Debug|Mixed Platforms.ActiveCfg = Debug|x86
		{02A02CE9-C7B0-4629-94B2-75DF7BCE5A0B}.Debug|Mixed Platforms.Build.0 = Debug|x86
		{02A02CE9-C7B0-4629-94B2-75DF7BCE5A0B}.Debug|Mixed Platforms.Deploy.0 = Debug|x86
		{02A02CE9-C7B0-4629-94B2-75DF7BCE5A0B}.Debug|Win32.ActiveCfg = Debug|x86
		{02A02CE9-C7B0-4629-94B2-75DF7BCE5A0B}.Debug|Win32.Build.0 = Debug|x86
		{02A02CE9-C7B0-4629-94B2-75DF7BCE5A0B}.Debug|Win32.Deploy.0 = Debug|x86
		{02A02CE9-C7B0-4629-94B2-75DF7BCE5A0B}.Debug|x64.ActiveCfg = Debug|x64
		{02A02CE9-C7B0-4629-94B2-75DF7BCE5A0B}.Debug|x64.Build.0 = Debug|x64
		{02A02CE9-C7B0-4629-94B2-75DF7BCE5A0B}.Debug|x64.Deploy.0 = Debug|x64
		{02A02CE9-C7B0-4629-94B2-75DF7BCE5A0B}.Debug|x86.ActiveCfg = Debug|x86
		{02A02CE9-C7B0-4629-94B2-75DF7BCE5A0B}.Debug|x86.Build.0 = Debug|x86
		{02A02CE9-C7B0-4629-94B2-75DF7BCE5A0B}.Debug|x86.Deploy.0 = Debug|x86
		{02A02CE9-C7B0-4629-94B2-75DF7BCE5A0B}.Release|Any CPU.ActiveCfg = Release|Any CPU
		{02A02CE9-C7B0-4629-94B2-75DF7BCE5A0B}.Release|Any CPU.Build.0 = Release|Any CPU
		{02A02CE9-C7B0-4629-94B2-75DF7BCE5A0B}.Release|Any CPU.Deploy.0 = Release|Any CPU
		{02A02CE9-C7B0-4629-94B2-75DF7BCE5A0B}.Release|ARM.ActiveCfg = Release|ARM
		{02A02CE9-C7B0-4629-94B2-75DF7BCE5A0B}.Release|ARM.Build.0 = Release|ARM
		{02A02CE9-C7B0-4629-94B2-75DF7BCE5A0B}.Release|ARM.Deploy.0 = Release|ARM
		{02A02CE9-C7B0-4629-94B2-75DF7BCE5A0B}.Release|Mixed Platforms.ActiveCfg = Release|x86
		{02A02CE9-C7B0-4629-94B2-75DF7BCE5A0B}.Release|Mixed Platforms.Build.0 = Release|x86
		{02A02CE9-C7B0-4629-94B2-75DF7BCE5A0B}.Release|Mixed Platforms.Deploy.0 = Release|x86
		{02A02CE9-C7B0-4629-94B2-75DF7BCE5A0B}.Release|Win32.ActiveCfg = Release|x86
		{02A02CE9-C7B0-4629-94B2-75DF7BCE5A0B}.Release|Win32.Build.0 = Release|x86
		{02A02CE9-C7B0-4629-94B2-75DF7BCE5A0B}.Release|Win32.Deploy.0 = Release|x86
		{02A02CE9-C7B0-4629-94B2-75DF7BCE5A0B}.Release|x64.ActiveCfg = Release|x64
		{02A02CE9-C7B0-4629-94B2-75DF7BCE5A0B}.Release|x64.Build.0 = Release|x64
		{02A02CE9-C7B0-4629-94B2-75DF7BCE5A0B}.Release|x64.Deploy.0 = Release|x64
		{02A02CE9-C7B0-4629-94B2-75DF7BCE5A0B}.Release|x86.ActiveCfg = Release|x86
		{02A02CE9-C7B0-4629-94B2-75DF7BCE5A0B}.Release|x86.Build.0 = Release|x86
		{02A02CE9-C7B0-4629-94B2-75DF7BCE5A0B}.Release|x86.Deploy.0 = Release|x86
		{D08AC020-F739-48FC-B728-1725871E438B}.Debug|Any CPU.ActiveCfg = Debug|Any CPU
		{D08AC020-F739-48FC-B728-1725871E438B}.Debug|Any CPU.Build.0 = Debug|Any CPU
		{D08AC020-F739-48FC-B728-1725871E438B}.Debug|Any CPU.Deploy.0 = Debug|Any CPU
		{D08AC020-F739-48FC-B728-1725871E438B}.Debug|ARM.ActiveCfg = Debug|ARM
		{D08AC020-F739-48FC-B728-1725871E438B}.Debug|ARM.Build.0 = Debug|ARM
		{D08AC020-F739-48FC-B728-1725871E438B}.Debug|ARM.Deploy.0 = Debug|ARM
		{D08AC020-F739-48FC-B728-1725871E438B}.Debug|Mixed Platforms.ActiveCfg = Debug|x86
		{D08AC020-F739-48FC-B728-1725871E438B}.Debug|Mixed Platforms.Build.0 = Debug|x86
		{D08AC020-F739-48FC-B728-1725871E438B}.Debug|Mixed Platforms.Deploy.0 = Debug|x86
		{D08AC020-F739-48FC-B728-1725871E438B}.Debug|Win32.ActiveCfg = Debug|x86
		{D08AC020-F739-48FC-B728-1725871E438B}.Debug|Win32.Build.0 = Debug|x86
		{D08AC020-F739-48FC-B728-1725871E438B}.Debug|Win32.Deploy.0 = Debug|x86
		{D08AC020-F739-48FC-B728-1725871E438B}.Debug|x64.ActiveCfg = Debug|Any CPU
		{D08AC020-F739-48FC-B728-1725871E438B}.Debug|x86.ActiveCfg = Debug|x86
		{D08AC020-F739-48FC-B728-1725871E438B}.Debug|x86.Build.0 = Debug|x86
		{D08AC020-F739-48FC-B728-1725871E438B}.Debug|x86.Deploy.0 = Debug|x86
		{D08AC020-F739-48FC-B728-1725871E438B}.Release|Any CPU.ActiveCfg = Release|Any CPU
		{D08AC020-F739-48FC-B728-1725871E438B}.Release|Any CPU.Build.0 = Release|Any CPU
		{D08AC020-F739-48FC-B728-1725871E438B}.Release|Any CPU.Deploy.0 = Release|Any CPU
		{D08AC020-F739-48FC-B728-1725871E438B}.Release|ARM.ActiveCfg = Release|ARM
		{D08AC020-F739-48FC-B728-1725871E438B}.Release|ARM.Build.0 = Release|ARM
		{D08AC020-F739-48FC-B728-1725871E438B}.Release|ARM.Deploy.0 = Release|ARM
		{D08AC020-F739-48FC-B728-1725871E438B}.Release|Mixed Platforms.ActiveCfg = Release|x86
		{D08AC020-F739-48FC-B728-1725871E438B}.Release|Mixed Platforms.Build.0 = Release|x86
		{D08AC020-F739-48FC-B728-1725871E438B}.Release|Mixed Platforms.Deploy.0 = Release|x86
		{D08AC020-F739-48FC-B728-1725871E438B}.Release|Win32.ActiveCfg = Release|x86
		{D08AC020-F739-48FC-B728-1725871E438B}.Release|Win32.Build.0 = Release|x86
		{D08AC020-F739-48FC-B728-1725871E438B}.Release|Win32.Deploy.0 = Release|x86
		{D08AC020-F739-48FC-B728-1725871E438B}.Release|x64.ActiveCfg = Release|Any CPU
		{D08AC020-F739-48FC-B728-1725871E438B}.Release|x86.ActiveCfg = Release|x86
		{D08AC020-F739-48FC-B728-1725871E438B}.Release|x86.Build.0 = Release|x86
		{D08AC020-F739-48FC-B728-1725871E438B}.Release|x86.Deploy.0 = Release|x86
		{9FE0CD62-70C0-43B4-9132-B06EB2F2621D}.Debug|Any CPU.ActiveCfg = Debug|Any CPU
		{9FE0CD62-70C0-43B4-9132-B06EB2F2621D}.Debug|Any CPU.Build.0 = Debug|Any CPU
		{9FE0CD62-70C0-43B4-9132-B06EB2F2621D}.Debug|Any CPU.Deploy.0 = Debug|Any CPU
		{9FE0CD62-70C0-43B4-9132-B06EB2F2621D}.Debug|ARM.ActiveCfg = Debug|ARM
		{9FE0CD62-70C0-43B4-9132-B06EB2F2621D}.Debug|ARM.Build.0 = Debug|ARM
		{9FE0CD62-70C0-43B4-9132-B06EB2F2621D}.Debug|ARM.Deploy.0 = Debug|ARM
		{9FE0CD62-70C0-43B4-9132-B06EB2F2621D}.Debug|Mixed Platforms.ActiveCfg = Debug|x86
		{9FE0CD62-70C0-43B4-9132-B06EB2F2621D}.Debug|Mixed Platforms.Build.0 = Debug|x86
		{9FE0CD62-70C0-43B4-9132-B06EB2F2621D}.Debug|Mixed Platforms.Deploy.0 = Debug|x86
		{9FE0CD62-70C0-43B4-9132-B06EB2F2621D}.Debug|Win32.ActiveCfg = Debug|x86
		{9FE0CD62-70C0-43B4-9132-B06EB2F2621D}.Debug|Win32.Build.0 = Debug|x86
		{9FE0CD62-70C0-43B4-9132-B06EB2F2621D}.Debug|Win32.Deploy.0 = Debug|x86
		{9FE0CD62-70C0-43B4-9132-B06EB2F2621D}.Debug|x64.ActiveCfg = Debug|Any CPU
		{9FE0CD62-70C0-43B4-9132-B06EB2F2621D}.Debug|x86.ActiveCfg = Debug|x86
		{9FE0CD62-70C0-43B4-9132-B06EB2F2621D}.Debug|x86.Build.0 = Debug|x86
		{9FE0CD62-70C0-43B4-9132-B06EB2F2621D}.Debug|x86.Deploy.0 = Debug|x86
		{9FE0CD62-70C0-43B4-9132-B06EB2F2621D}.Release|Any CPU.ActiveCfg = Release|Any CPU
		{9FE0CD62-70C0-43B4-9132-B06EB2F2621D}.Release|Any CPU.Build.0 = Release|Any CPU
		{9FE0CD62-70C0-43B4-9132-B06EB2F2621D}.Release|Any CPU.Deploy.0 = Release|Any CPU
		{9FE0CD62-70C0-43B4-9132-B06EB2F2621D}.Release|ARM.ActiveCfg = Release|ARM
		{9FE0CD62-70C0-43B4-9132-B06EB2F2621D}.Release|ARM.Build.0 = Release|ARM
		{9FE0CD62-70C0-43B4-9132-B06EB2F2621D}.Release|ARM.Deploy.0 = Release|ARM
		{9FE0CD62-70C0-43B4-9132-B06EB2F2621D}.Release|Mixed Platforms.ActiveCfg = Release|x86
		{9FE0CD62-70C0-43B4-9132-B06EB2F2621D}.Release|Mixed Platforms.Build.0 = Release|x86
		{9FE0CD62-70C0-43B4-9132-B06EB2F2621D}.Release|Mixed Platforms.Deploy.0 = Release|x86
		{9FE0CD62-70C0-43B4-9132-B06EB2F2621D}.Release|Win32.ActiveCfg = Release|x86
		{9FE0CD62-70C0-43B4-9132-B06EB2F2621D}.Release|Win32.Build.0 = Release|x86
		{9FE0CD62-70C0-43B4-9132-B06EB2F2621D}.Release|Win32.Deploy.0 = Release|x86
		{9FE0CD62-70C0-43B4-9132-B06EB2F2621D}.Release|x64.ActiveCfg = Release|Any CPU
		{9FE0CD62-70C0-43B4-9132-B06EB2F2621D}.Release|x86.ActiveCfg = Release|x86
		{9FE0CD62-70C0-43B4-9132-B06EB2F2621D}.Release|x86.Build.0 = Release|x86
		{9FE0CD62-70C0-43B4-9132-B06EB2F2621D}.Release|x86.Deploy.0 = Release|x86
	EndGlobalSection
	GlobalSection(SolutionProperties) = preSolution
		HideSolutionNode = FALSE
	EndGlobalSection
	GlobalSection(NestedProjects) = preSolution
		{D2566ADC-A4AB-473B-9F2F-E3727805332C} = {27E31842-6FF3-4FE1-9F8F-04E8DBF15883}
		{F4F925C0-40A4-4486-9226-0F4E3FE9F5EC} = {27E31842-6FF3-4FE1-9F8F-04E8DBF15883}
		{430CE181-7EBD-4424-AECA-A1C9D971EDDA} = {27E31842-6FF3-4FE1-9F8F-04E8DBF15883}
		{45CF9ECD-8288-46C8-A65A-00A9D41E27C0} = {27E31842-6FF3-4FE1-9F8F-04E8DBF15883}
		{0AA5DD18-1F5D-4632-AF98-8F9891BA7903} = {27E31842-6FF3-4FE1-9F8F-04E8DBF15883}
		{5E98A110-DF92-4593-BA46-D9CCB54075AC} = {D2566ADC-A4AB-473B-9F2F-E3727805332C}
		{BB8FB796-FAC6-4A73-BB3D-674331B1A70C} = {5E98A110-DF92-4593-BA46-D9CCB54075AC}
		{5870441E-6E88-4DEF-9A8A-E073E1728189} = {5E98A110-DF92-4593-BA46-D9CCB54075AC}
		{5B0FF0B9-4252-4124-9DA7-1C7EE011A358} = {F4F925C0-40A4-4486-9226-0F4E3FE9F5EC}
		{AB292F5B-D753-40C4-AE70-91E3169BAC11} = {45CF9ECD-8288-46C8-A65A-00A9D41E27C0}
		{E53F6127-2360-492C-8497-CCA2A6A48E8B} = {0AA5DD18-1F5D-4632-AF98-8F9891BA7903}
		{D6D5A7B8-6EA2-4434-8120-36342B308468} = {430CE181-7EBD-4424-AECA-A1C9D971EDDA}
		{C64F4C10-665F-405E-A7B0-421781E89459} = {AB292F5B-D753-40C4-AE70-91E3169BAC11}
		{6384E44E-3B9C-4E4B-814E-33F35F957D47} = {E53F6127-2360-492C-8497-CCA2A6A48E8B}
		{CE666959-E391-40EB-851E-A4DD4DA8A7BB} = {D6D5A7B8-6EA2-4434-8120-36342B308468}
		{B766E910-9AE4-4C6B-AB1B-9DB8D72C06EC} = {AB292F5B-D753-40C4-AE70-91E3169BAC11}
		{5A693DCB-43D5-49E2-B115-D1E2DCD2864A} = {E53F6127-2360-492C-8497-CCA2A6A48E8B}
		{83CB1E3B-B19A-4EC5-9083-B19F714CFF9F} = {D6D5A7B8-6EA2-4434-8120-36342B308468}
		{85E2327B-5B48-43F4-987C-8A75AB709634} = {5B0FF0B9-4252-4124-9DA7-1C7EE011A358}
		{948B86E9-5D82-4D0A-91A3-89AE4D351EE3} = {8D092135-2858-4720-AB68-C3A39A45F91A}
		{1307BE6A-DE8E-4823-9498-E38ACDDA8423} = {430CE181-7EBD-4424-AECA-A1C9D971EDDA}
		{3F93A414-98A7-4C11-AD52-AFF187B6545B} = {D2566ADC-A4AB-473B-9F2F-E3727805332C}
		{81079A3C-B8ED-4A30-B593-3FDB2A1BE345} = {D2566ADC-A4AB-473B-9F2F-E3727805332C}
		{604258F1-1068-45D2-BC33-BE7544843787} = {81079A3C-B8ED-4A30-B593-3FDB2A1BE345}
		{628BFAA7-50DB-4333-98C4-F5B91E9FEDF2} = {430CE181-7EBD-4424-AECA-A1C9D971EDDA}
		{49F0B4A8-630B-4F6C-A0F5-8999CB117E49} = {628BFAA7-50DB-4333-98C4-F5B91E9FEDF2}
		{6BB0E624-CD78-422B-A946-86063A58B83C} = {0AA5DD18-1F5D-4632-AF98-8F9891BA7903}
		{06A2BC5E-F455-49AD-8657-A44E9CF33D03} = {0AA5DD18-1F5D-4632-AF98-8F9891BA7903}
		{C9DD9396-753F-40D5-9387-5D2C3710FA49} = {6BB0E624-CD78-422B-A946-86063A58B83C}
		{47F69C46-9ADA-4BE4-88AA-1CF75E6B1561} = {1307BE6A-DE8E-4823-9498-E38ACDDA8423}
		{8919E865-F261-4C08-9A8A-30231E421533} = {3F93A414-98A7-4C11-AD52-AFF187B6545B}
		{5C9340CD-EDE2-4370-BEB4-CDBF97CB39CB} = {3F93A414-98A7-4C11-AD52-AFF187B6545B}
		{9354B803-D21D-4919-ACA3-A3CCB6219C2E} = {5C9340CD-EDE2-4370-BEB4-CDBF97CB39CB}
		{121AB16F-6C58-4CFE-A42A-D90DB5D7E276} = {06A2BC5E-F455-49AD-8657-A44E9CF33D03}
		{02A02CE9-C7B0-4629-94B2-75DF7BCE5A0B} = {8D092135-2858-4720-AB68-C3A39A45F91A}
		{D08AC020-F739-48FC-B728-1725871E438B} = {8D092135-2858-4720-AB68-C3A39A45F91A}
		{9FE0CD62-70C0-43B4-9132-B06EB2F2621D} = {8D092135-2858-4720-AB68-C3A39A45F91A}
	EndGlobalSection
EndGlobal
